
Microsoft Visual Studio Solution File, Format Version 12.00
# Visual Studio Version 17
VisualStudioVersion = 17.13.35825.156 d17.13
MinimumVisualStudioVersion = 10.0.40219.1
Project("{FAE04EC0-301F-11D3-BF4B-00C04F79EFBC}") = "NotePad", "NotePad.csproj", "{B0AA0C91-A325-44B3-A28F-7DC8B436EE9A}"
EndProject
Global
	GlobalSection(SolutionConfigurationPlatforms) = preSolution
		Debug|Any CPU = Debug|Any CPU
		Release|Any CPU = Release|Any CPU
	EndGlobalSection
	GlobalSection(ProjectConfigurationPlatforms) = postSolution
		{B0AA0C91-A325-44B3-A28F-7DC8B436EE9A}.Debug|Any CPU.ActiveCfg = Debug|Any CPU
		{B0AA0C91-A325-44B3-A28F-7DC8B436EE9A}.Debug|Any CPU.Build.0 = Debug|Any CPU
		{B0AA0C91-A325-44B3-A28F-7DC8B436EE9A}.Release|Any CPU.ActiveCfg = Release|Any CPU
		{B0AA0C91-A325-44B3-A28F-7DC8B436EE9A}.Release|Any CPU.Build.0 = Release|Any CPU
	EndGlobalSection
	GlobalSection(SolutionProperties) = preSolution
		HideSolutionNode = FALSE
	EndGlobalSection
	GlobalSection(ExtensibilityGlobals) = postSolution
		SolutionGuid = {2DDC6182-0B50-4721-81B4-52C87EDE0F66}
	EndGlobalSection
EndGlobal
